
Microsoft Visual Studio Solution File, Format Version 12.00
# Visual Studio Version 16
VisualStudioVersion = 16.0.30804.86
MinimumVisualStudioVersion = 10.0.40219.1
Project("{8BC9CEB8-8B4A-11D0-8D11-00A0C91BC942}") = "RAY", "RAY\RAY.vcxproj", "{DD83D467-9523-4206-A0C1-4CD2D29883DB}"
EndProject
Project("{8BC9CEB8-8B4A-11D0-8D11-00A0C91BC942}") = "report_device", "report_device\report_device.vcxproj", "{3FA9947C-BE66-4F0F-9A52-4E16691FC47F}"
EndProject
Project("{8BC9CEB8-8B4A-11D0-8D11-00A0C91BC942}") = "MOVE_CARD", "MOVE_CARD\MOVE_CARD.vcxproj", "{38A574D5-6A89-4B54-99CC-16BFC9B8FD37}"
EndProject
Project("{8BC9CEB8-8B4A-11D0-8D11-00A0C91BC942}") = "Design_TEMPLATE_checkPatch", "Design_TEMPLATE_checkPatch\Design_TEMPLATE_checkPatch.vcxproj", "{2E63A1B1-005D-4AF7-B1A7-8B99ED4559EB}"
EndProject
Project("{8BC9CEB8-8B4A-11D0-8D11-00A0C91BC942}") = "new_move_device", "new_move_device\new_move_device.vcxproj", "{0CEC7CDA-25AC-4E0B-A328-900AEE075E6D}"
EndProject
Project("{8BC9CEB8-8B4A-11D0-8D11-00A0C91BC942}") = "input_MOVE_device", "input_MOVE_device\input_MOVE_device.vcxproj", "{B5043360-B067-4222-9FB0-AA5967086DD8}"
EndProject
Project("{8BC9CEB8-8B4A-11D0-8D11-00A0C91BC942}") = "get_time_device", "get_time_device\get_time_device.vcxproj", "{ACB12537-DFC2-4F2B-9F6D-4D501259E4C9}"
EndProject
Project("{8BC9CEB8-8B4A-11D0-8D11-00A0C91BC942}") = "ngsort_device", "ngsort_device\ngsort_device.vcxproj", "{1A84CA21-A432-4933-A05B-C1BE37B08384}"
EndProject
Project("{8BC9CEB8-8B4A-11D0-8D11-00A0C91BC942}") = "Speech_TTS_device", "Speech_TTS_device\Speech_TTS_device.vcxproj", "{F4A3D416-F423-4556-9047-6405E052C124}"
EndProject
Project("{8BC9CEB8-8B4A-11D0-8D11-00A0C91BC942}") = "CAM", "CAM\CAM.vcxproj", "{D58E7019-D6B8-4146-A3A6-68A0F10CC331}"
EndProject
Global
	GlobalSection(SolutionConfigurationPlatforms) = preSolution
		Debug|Itanium = Debug|Itanium
		Debug|Win32 = Debug|Win32
		Debug|x64 = Debug|x64
		DLL-Import Debug|Itanium = DLL-Import Debug|Itanium
		DLL-Import Debug|Win32 = DLL-Import Debug|Win32
		DLL-Import Debug|x64 = DLL-Import Debug|x64
		DLL-Import Release|Itanium = DLL-Import Release|Itanium
		DLL-Import Release|Win32 = DLL-Import Release|Win32
		DLL-Import Release|x64 = DLL-Import Release|x64
		MinSizeRel|Itanium = MinSizeRel|Itanium
		MinSizeRel|Win32 = MinSizeRel|Win32
		MinSizeRel|x64 = MinSizeRel|x64
		Release|Itanium = Release|Itanium
		Release|Win32 = Release|Win32
		Release|x64 = Release|x64
		RelWithDebInfo|Itanium = RelWithDebInfo|Itanium
		RelWithDebInfo|Win32 = RelWithDebInfo|Win32
		RelWithDebInfo|x64 = RelWithDebInfo|x64
		Template|Itanium = Template|Itanium
		Template|Win32 = Template|Win32
		Template|x64 = Template|x64
	EndGlobalSection
	GlobalSection(ProjectConfigurationPlatforms) = postSolution
		{DD83D467-9523-4206-A0C1-4CD2D29883DB}.Debug|Itanium.ActiveCfg = Debug|x64
		{DD83D467-9523-4206-A0C1-4CD2D29883DB}.Debug|Win32.ActiveCfg = Debug|Win32
		{DD83D467-9523-4206-A0C1-4CD2D29883DB}.Debug|Win32.Build.0 = Debug|Win32
		{DD83D467-9523-4206-A0C1-4CD2D29883DB}.Debug|x64.ActiveCfg = Debug|x64
		{DD83D467-9523-4206-A0C1-4CD2D29883DB}.Debug|x64.Build.0 = Debug|x64
		{DD83D467-9523-4206-A0C1-4CD2D29883DB}.DLL-Import Debug|Itanium.ActiveCfg = Debug|x64
		{DD83D467-9523-4206-A0C1-4CD2D29883DB}.DLL-Import Debug|Win32.ActiveCfg = Debug|Win32
		{DD83D467-9523-4206-A0C1-4CD2D29883DB}.DLL-Import Debug|Win32.Build.0 = Debug|Win32
		{DD83D467-9523-4206-A0C1-4CD2D29883DB}.DLL-Import Debug|x64.ActiveCfg = Debug|x64
		{DD83D467-9523-4206-A0C1-4CD2D29883DB}.DLL-Import Debug|x64.Build.0 = Debug|x64
		{DD83D467-9523-4206-A0C1-4CD2D29883DB}.DLL-Import Release|Itanium.ActiveCfg = Release|x64
		{DD83D467-9523-4206-A0C1-4CD2D29883DB}.DLL-Import Release|Win32.ActiveCfg = Release|Win32
		{DD83D467-9523-4206-A0C1-4CD2D29883DB}.DLL-Import Release|Win32.Build.0 = Release|Win32
		{DD83D467-9523-4206-A0C1-4CD2D29883DB}.DLL-Import Release|x64.ActiveCfg = Release|x64
		{DD83D467-9523-4206-A0C1-4CD2D29883DB}.DLL-Import Release|x64.Build.0 = Release|x64
		{DD83D467-9523-4206-A0C1-4CD2D29883DB}.MinSizeRel|Itanium.ActiveCfg = Release|x64
		{DD83D467-9523-4206-A0C1-4CD2D29883DB}.MinSizeRel|Win32.ActiveCfg = Release|x64
		{DD83D467-9523-4206-A0C1-4CD2D29883DB}.MinSizeRel|x64.ActiveCfg = Release|x64
		{DD83D467-9523-4206-A0C1-4CD2D29883DB}.MinSizeRel|x64.Build.0 = Release|x64
		{DD83D467-9523-4206-A0C1-4CD2D29883DB}.Release|Itanium.ActiveCfg = Release|x64
		{DD83D467-9523-4206-A0C1-4CD2D29883DB}.Release|Win32.ActiveCfg = Release|Win32
		{DD83D467-9523-4206-A0C1-4CD2D29883DB}.Release|Win32.Build.0 = Release|Win32
		{DD83D467-9523-4206-A0C1-4CD2D29883DB}.Release|x64.ActiveCfg = Release|x64
		{DD83D467-9523-4206-A0C1-4CD2D29883DB}.Release|x64.Build.0 = Release|x64
		{DD83D467-9523-4206-A0C1-4CD2D29883DB}.RelWithDebInfo|Itanium.ActiveCfg = Release|x64
		{DD83D467-9523-4206-A0C1-4CD2D29883DB}.RelWithDebInfo|Win32.ActiveCfg = Release|x64
		{DD83D467-9523-4206-A0C1-4CD2D29883DB}.RelWithDebInfo|x64.ActiveCfg = Release|x64
		{DD83D467-9523-4206-A0C1-4CD2D29883DB}.RelWithDebInfo|x64.Build.0 = Release|x64
		{DD83D467-9523-4206-A0C1-4CD2D29883DB}.Template|Itanium.ActiveCfg = Release|x64
		{DD83D467-9523-4206-A0C1-4CD2D29883DB}.Template|Win32.ActiveCfg = Release|x64
		{DD83D467-9523-4206-A0C1-4CD2D29883DB}.Template|x64.ActiveCfg = Release|x64
		{DD83D467-9523-4206-A0C1-4CD2D29883DB}.Template|x64.Build.0 = Release|x64
		{3FA9947C-BE66-4F0F-9A52-4E16691FC47F}.Debug|Itanium.ActiveCfg = Debug|x64
		{3FA9947C-BE66-4F0F-9A52-4E16691FC47F}.Debug|Win32.ActiveCfg = Debug|Win32
		{3FA9947C-BE66-4F0F-9A52-4E16691FC47F}.Debug|Win32.Build.0 = Debug|Win32
		{3FA9947C-BE66-4F0F-9A52-4E16691FC47F}.Debug|x64.ActiveCfg = Debug|x64
		{3FA9947C-BE66-4F0F-9A52-4E16691FC47F}.Debug|x64.Build.0 = Debug|x64
		{3FA9947C-BE66-4F0F-9A52-4E16691FC47F}.DLL-Import Debug|Itanium.ActiveCfg = Debug|x64
		{3FA9947C-BE66-4F0F-9A52-4E16691FC47F}.DLL-Import Debug|Win32.ActiveCfg = Debug|Win32
		{3FA9947C-BE66-4F0F-9A52-4E16691FC47F}.DLL-Import Debug|Win32.Build.0 = Debug|Win32
		{3FA9947C-BE66-4F0F-9A52-4E16691FC47F}.DLL-Import Debug|x64.ActiveCfg = Debug|x64
		{3FA9947C-BE66-4F0F-9A52-4E16691FC47F}.DLL-Import Debug|x64.Build.0 = Debug|x64
		{3FA9947C-BE66-4F0F-9A52-4E16691FC47F}.DLL-Import Release|Itanium.ActiveCfg = Release|x64
		{3FA9947C-BE66-4F0F-9A52-4E16691FC47F}.DLL-Import Release|Win32.ActiveCfg = Release|Win32
		{3FA9947C-BE66-4F0F-9A52-4E16691FC47F}.DLL-Import Release|Win32.Build.0 = Release|Win32
		{3FA9947C-BE66-4F0F-9A52-4E16691FC47F}.DLL-Import Release|x64.ActiveCfg = Release|x64
		{3FA9947C-BE66-4F0F-9A52-4E16691FC47F}.DLL-Import Release|x64.Build.0 = Release|x64
		{3FA9947C-BE66-4F0F-9A52-4E16691FC47F}.MinSizeRel|Itanium.ActiveCfg = Release|x64
		{3FA9947C-BE66-4F0F-9A52-4E16691FC47F}.MinSizeRel|Win32.ActiveCfg = Release|x64
		{3FA9947C-BE66-4F0F-9A52-4E16691FC47F}.MinSizeRel|x64.ActiveCfg = Release|x64
		{3FA9947C-BE66-4F0F-9A52-4E16691FC47F}.MinSizeRel|x64.Build.0 = Release|x64
		{3FA9947C-BE66-4F0F-9A52-4E16691FC47F}.Release|Itanium.ActiveCfg = Release|x64
		{3FA9947C-BE66-4F0F-9A52-4E16691FC47F}.Release|Win32.ActiveCfg = Release|Win32
		{3FA9947C-BE66-4F0F-9A52-4E16691FC47F}.Release|Win32.Build.0 = Release|Win32
		{3FA9947C-BE66-4F0F-9A52-4E16691FC47F}.Release|x64.ActiveCfg = Release|x64
		{3FA9947C-BE66-4F0F-9A52-4E16691FC47F}.Release|x64.Build.0 = Release|x64
		{3FA9947C-BE66-4F0F-9A52-4E16691FC47F}.RelWithDebInfo|Itanium.ActiveCfg = Release|x64
		{3FA9947C-BE66-4F0F-9A52-4E16691FC47F}.RelWithDebInfo|Win32.ActiveCfg = Release|x64
		{3FA9947C-BE66-4F0F-9A52-4E16691FC47F}.RelWithDebInfo|x64.ActiveCfg = Release|x64
		{3FA9947C-BE66-4F0F-9A52-4E16691FC47F}.RelWithDebInfo|x64.Build.0 = Release|x64
		{3FA9947C-BE66-4F0F-9A52-4E16691FC47F}.Template|Itanium.ActiveCfg = Release|x64
		{3FA9947C-BE66-4F0F-9A52-4E16691FC47F}.Template|Win32.ActiveCfg = Release|x64
		{3FA9947C-BE66-4F0F-9A52-4E16691FC47F}.Template|x64.ActiveCfg = Release|x64
		{3FA9947C-BE66-4F0F-9A52-4E16691FC47F}.Template|x64.Build.0 = Release|x64
		{38A574D5-6A89-4B54-99CC-16BFC9B8FD37}.Debug|Itanium.ActiveCfg = Debug|x64
		{38A574D5-6A89-4B54-99CC-16BFC9B8FD37}.Debug|Win32.ActiveCfg = Debug|Win32
		{38A574D5-6A89-4B54-99CC-16BFC9B8FD37}.Debug|Win32.Build.0 = Debug|Win32
		{38A574D5-6A89-4B54-99CC-16BFC9B8FD37}.Debug|x64.ActiveCfg = Debug|x64
		{38A574D5-6A89-4B54-99CC-16BFC9B8FD37}.Debug|x64.Build.0 = Debug|x64
		{38A574D5-6A89-4B54-99CC-16BFC9B8FD37}.DLL-Import Debug|Itanium.ActiveCfg = Debug|x64
		{38A574D5-6A89-4B54-99CC-16BFC9B8FD37}.DLL-Import Debug|Win32.ActiveCfg = Debug|Win32
		{38A574D5-6A89-4B54-99CC-16BFC9B8FD37}.DLL-Import Debug|Win32.Build.0 = Debug|Win32
		{38A574D5-6A89-4B54-99CC-16BFC9B8FD37}.DLL-Import Debug|x64.ActiveCfg = Debug|x64
		{38A574D5-6A89-4B54-99CC-16BFC9B8FD37}.DLL-Import Debug|x64.Build.0 = Debug|x64
		{38A574D5-6A89-4B54-99CC-16BFC9B8FD37}.DLL-Import Release|Itanium.ActiveCfg = Release|x64
		{38A574D5-6A89-4B54-99CC-16BFC9B8FD37}.DLL-Import Release|Win32.ActiveCfg = Release|Win32
		{38A574D5-6A89-4B54-99CC-16BFC9B8FD37}.DLL-Import Release|Win32.Build.0 = Release|Win32
		{38A574D5-6A89-4B54-99CC-16BFC9B8FD37}.DLL-Import Release|x64.ActiveCfg = Release|x64
		{38A574D5-6A89-4B54-99CC-16BFC9B8FD37}.DLL-Import Release|x64.Build.0 = Release|x64
		{38A574D5-6A89-4B54-99CC-16BFC9B8FD37}.MinSizeRel|Itanium.ActiveCfg = Release|x64
		{38A574D5-6A89-4B54-99CC-16BFC9B8FD37}.MinSizeRel|Win32.ActiveCfg = Release|x64
		{38A574D5-6A89-4B54-99CC-16BFC9B8FD37}.MinSizeRel|x64.ActiveCfg = Release|x64
		{38A574D5-6A89-4B54-99CC-16BFC9B8FD37}.MinSizeRel|x64.Build.0 = Release|x64
		{38A574D5-6A89-4B54-99CC-16BFC9B8FD37}.Release|Itanium.ActiveCfg = Release|x64
		{38A574D5-6A89-4B54-99CC-16BFC9B8FD37}.Release|Win32.ActiveCfg = Release|Win32
		{38A574D5-6A89-4B54-99CC-16BFC9B8FD37}.Release|Win32.Build.0 = Release|Win32
		{38A574D5-6A89-4B54-99CC-16BFC9B8FD37}.Release|x64.ActiveCfg = Release|x64
		{38A574D5-6A89-4B54-99CC-16BFC9B8FD37}.Release|x64.Build.0 = Release|x64
		{38A574D5-6A89-4B54-99CC-16BFC9B8FD37}.RelWithDebInfo|Itanium.ActiveCfg = Release|x64
		{38A574D5-6A89-4B54-99CC-16BFC9B8FD37}.RelWithDebInfo|Win32.ActiveCfg = Release|x64
		{38A574D5-6A89-4B54-99CC-16BFC9B8FD37}.RelWithDebInfo|x64.ActiveCfg = Release|x64
		{38A574D5-6A89-4B54-99CC-16BFC9B8FD37}.RelWithDebInfo|x64.Build.0 = Release|x64
		{38A574D5-6A89-4B54-99CC-16BFC9B8FD37}.Template|Itanium.ActiveCfg = Release|x64
		{38A574D5-6A89-4B54-99CC-16BFC9B8FD37}.Template|Win32.ActiveCfg = Release|x64
		{38A574D5-6A89-4B54-99CC-16BFC9B8FD37}.Template|x64.ActiveCfg = Release|x64
		{38A574D5-6A89-4B54-99CC-16BFC9B8FD37}.Template|x64.Build.0 = Release|x64
		{2E63A1B1-005D-4AF7-B1A7-8B99ED4559EB}.Debug|Itanium.ActiveCfg = Debug|x64
		{2E63A1B1-005D-4AF7-B1A7-8B99ED4559EB}.Debug|Win32.ActiveCfg = Debug|Win32
		{2E63A1B1-005D-4AF7-B1A7-8B99ED4559EB}.Debug|Win32.Build.0 = Debug|Win32
		{2E63A1B1-005D-4AF7-B1A7-8B99ED4559EB}.Debug|x64.ActiveCfg = Debug|x64
		{2E63A1B1-005D-4AF7-B1A7-8B99ED4559EB}.Debug|x64.Build.0 = Debug|x64
		{2E63A1B1-005D-4AF7-B1A7-8B99ED4559EB}.DLL-Import Debug|Itanium.ActiveCfg = Debug|x64
		{2E63A1B1-005D-4AF7-B1A7-8B99ED4559EB}.DLL-Import Debug|Win32.ActiveCfg = Debug|Win32
		{2E63A1B1-005D-4AF7-B1A7-8B99ED4559EB}.DLL-Import Debug|Win32.Build.0 = Debug|Win32
		{2E63A1B1-005D-4AF7-B1A7-8B99ED4559EB}.DLL-Import Debug|x64.ActiveCfg = Debug|x64
		{2E63A1B1-005D-4AF7-B1A7-8B99ED4559EB}.DLL-Import Debug|x64.Build.0 = Debug|x64
		{2E63A1B1-005D-4AF7-B1A7-8B99ED4559EB}.DLL-Import Release|Itanium.ActiveCfg = Release|x64
		{2E63A1B1-005D-4AF7-B1A7-8B99ED4559EB}.DLL-Import Release|Win32.ActiveCfg = Release|Win32
		{2E63A1B1-005D-4AF7-B1A7-8B99ED4559EB}.DLL-Import Release|Win32.Build.0 = Release|Win32
		{2E63A1B1-005D-4AF7-B1A7-8B99ED4559EB}.DLL-Import Release|x64.ActiveCfg = Release|x64
		{2E63A1B1-005D-4AF7-B1A7-8B99ED4559EB}.DLL-Import Release|x64.Build.0 = Release|x64
		{2E63A1B1-005D-4AF7-B1A7-8B99ED4559EB}.MinSizeRel|Itanium.ActiveCfg = Release|x64
		{2E63A1B1-005D-4AF7-B1A7-8B99ED4559EB}.MinSizeRel|Win32.ActiveCfg = Release|x64
		{2E63A1B1-005D-4AF7-B1A7-8B99ED4559EB}.MinSizeRel|x64.ActiveCfg = Release|x64
		{2E63A1B1-005D-4AF7-B1A7-8B99ED4559EB}.MinSizeRel|x64.Build.0 = Release|x64
		{2E63A1B1-005D-4AF7-B1A7-8B99ED4559EB}.Release|Itanium.ActiveCfg = Release|x64
		{2E63A1B1-005D-4AF7-B1A7-8B99ED4559EB}.Release|Win32.ActiveCfg = Release|Win32
		{2E63A1B1-005D-4AF7-B1A7-8B99ED4559EB}.Release|Win32.Build.0 = Release|Win32
		{2E63A1B1-005D-4AF7-B1A7-8B99ED4559EB}.Release|x64.ActiveCfg = Release|x64
		{2E63A1B1-005D-4AF7-B1A7-8B99ED4559EB}.Release|x64.Build.0 = Release|x64
		{2E63A1B1-005D-4AF7-B1A7-8B99ED4559EB}.RelWithDebInfo|Itanium.ActiveCfg = Release|x64
		{2E63A1B1-005D-4AF7-B1A7-8B99ED4559EB}.RelWithDebInfo|Win32.ActiveCfg = Release|x64
		{2E63A1B1-005D-4AF7-B1A7-8B99ED4559EB}.RelWithDebInfo|x64.ActiveCfg = Release|x64
		{2E63A1B1-005D-4AF7-B1A7-8B99ED4559EB}.RelWithDebInfo|x64.Build.0 = Release|x64
		{2E63A1B1-005D-4AF7-B1A7-8B99ED4559EB}.Template|Itanium.ActiveCfg = Release|x64
		{2E63A1B1-005D-4AF7-B1A7-8B99ED4559EB}.Template|Win32.ActiveCfg = Release|x64
		{2E63A1B1-005D-4AF7-B1A7-8B99ED4559EB}.Template|x64.ActiveCfg = Release|x64
		{2E63A1B1-005D-4AF7-B1A7-8B99ED4559EB}.Template|x64.Build.0 = Release|x64
		{0CEC7CDA-25AC-4E0B-A328-900AEE075E6D}.Debug|Itanium.ActiveCfg = Debug|x64
		{0CEC7CDA-25AC-4E0B-A328-900AEE075E6D}.Debug|Win32.ActiveCfg = Debug|Win32
		{0CEC7CDA-25AC-4E0B-A328-900AEE075E6D}.Debug|Win32.Build.0 = Debug|Win32
		{0CEC7CDA-25AC-4E0B-A328-900AEE075E6D}.Debug|x64.ActiveCfg = Debug|x64
		{0CEC7CDA-25AC-4E0B-A328-900AEE075E6D}.Debug|x64.Build.0 = Debug|x64
		{0CEC7CDA-25AC-4E0B-A328-900AEE075E6D}.DLL-Import Debug|Itanium.ActiveCfg = Debug|x64
		{0CEC7CDA-25AC-4E0B-A328-900AEE075E6D}.DLL-Import Debug|Win32.ActiveCfg = Debug|Win32
		{0CEC7CDA-25AC-4E0B-A328-900AEE075E6D}.DLL-Import Debug|Win32.Build.0 = Debug|Win32
		{0CEC7CDA-25AC-4E0B-A328-900AEE075E6D}.DLL-Import Debug|x64.ActiveCfg = Debug|x64
		{0CEC7CDA-25AC-4E0B-A328-900AEE075E6D}.DLL-Import Debug|x64.Build.0 = Debug|x64
		{0CEC7CDA-25AC-4E0B-A328-900AEE075E6D}.DLL-Import Release|Itanium.ActiveCfg = Release|x64
		{0CEC7CDA-25AC-4E0B-A328-900AEE075E6D}.DLL-Import Release|Win32.ActiveCfg = Release|Win32
		{0CEC7CDA-25AC-4E0B-A328-900AEE075E6D}.DLL-Import Release|Win32.Build.0 = Release|Win32
		{0CEC7CDA-25AC-4E0B-A328-900AEE075E6D}.DLL-Import Release|x64.ActiveCfg = Release|x64
		{0CEC7CDA-25AC-4E0B-A328-900AEE075E6D}.DLL-Import Release|x64.Build.0 = Release|x64
		{0CEC7CDA-25AC-4E0B-A328-900AEE075E6D}.MinSizeRel|Itanium.ActiveCfg = Release|x64
		{0CEC7CDA-25AC-4E0B-A328-900AEE075E6D}.MinSizeRel|Win32.ActiveCfg = Release|x64
		{0CEC7CDA-25AC-4E0B-A328-900AEE075E6D}.MinSizeRel|x64.ActiveCfg = Release|x64
		{0CEC7CDA-25AC-4E0B-A328-900AEE075E6D}.MinSizeRel|x64.Build.0 = Release|x64
		{0CEC7CDA-25AC-4E0B-A328-900AEE075E6D}.Release|Itanium.ActiveCfg = Release|x64
		{0CEC7CDA-25AC-4E0B-A328-900AEE075E6D}.Release|Win32.ActiveCfg = Release|Win32
		{0CEC7CDA-25AC-4E0B-A328-900AEE075E6D}.Release|Win32.Build.0 = Release|Win32
		{0CEC7CDA-25AC-4E0B-A328-900AEE075E6D}.Release|x64.ActiveCfg = Release|x64
		{0CEC7CDA-25AC-4E0B-A328-900AEE075E6D}.Release|x64.Build.0 = Release|x64
		{0CEC7CDA-25AC-4E0B-A328-900AEE075E6D}.RelWithDebInfo|Itanium.ActiveCfg = Release|x64
		{0CEC7CDA-25AC-4E0B-A328-900AEE075E6D}.RelWithDebInfo|Win32.ActiveCfg = Release|x64
		{0CEC7CDA-25AC-4E0B-A328-900AEE075E6D}.RelWithDebInfo|x64.ActiveCfg = Release|x64
		{0CEC7CDA-25AC-4E0B-A328-900AEE075E6D}.RelWithDebInfo|x64.Build.0 = Release|x64
		{0CEC7CDA-25AC-4E0B-A328-900AEE075E6D}.Template|Itanium.ActiveCfg = Release|x64
		{0CEC7CDA-25AC-4E0B-A328-900AEE075E6D}.Template|Win32.ActiveCfg = Release|x64
		{0CEC7CDA-25AC-4E0B-A328-900AEE075E6D}.Template|x64.ActiveCfg = Release|x64
		{0CEC7CDA-25AC-4E0B-A328-900AEE075E6D}.Template|x64.Build.0 = Release|x64
		{B5043360-B067-4222-9FB0-AA5967086DD8}.Debug|Itanium.ActiveCfg = Debug|x64
		{B5043360-B067-4222-9FB0-AA5967086DD8}.Debug|Win32.ActiveCfg = Debug|Win32
		{B5043360-B067-4222-9FB0-AA5967086DD8}.Debug|Win32.Build.0 = Debug|Win32
		{B5043360-B067-4222-9FB0-AA5967086DD8}.Debug|x64.ActiveCfg = Debug|x64
		{B5043360-B067-4222-9FB0-AA5967086DD8}.Debug|x64.Build.0 = Debug|x64
		{B5043360-B067-4222-9FB0-AA5967086DD8}.DLL-Import Debug|Itanium.ActiveCfg = Debug|x64
		{B5043360-B067-4222-9FB0-AA5967086DD8}.DLL-Import Debug|Win32.ActiveCfg = Debug|Win32
		{B5043360-B067-4222-9FB0-AA5967086DD8}.DLL-Import Debug|Win32.Build.0 = Debug|Win32
		{B5043360-B067-4222-9FB0-AA5967086DD8}.DLL-Import Debug|x64.ActiveCfg = Debug|x64
		{B5043360-B067-4222-9FB0-AA5967086DD8}.DLL-Import Debug|x64.Build.0 = Debug|x64
		{B5043360-B067-4222-9FB0-AA5967086DD8}.DLL-Import Release|Itanium.ActiveCfg = Release|x64
		{B5043360-B067-4222-9FB0-AA5967086DD8}.DLL-Import Release|Win32.ActiveCfg = Release|Win32
		{B5043360-B067-4222-9FB0-AA5967086DD8}.DLL-Import Release|Win32.Build.0 = Release|Win32
		{B5043360-B067-4222-9FB0-AA5967086DD8}.DLL-Import Release|x64.ActiveCfg = Release|x64
		{B5043360-B067-4222-9FB0-AA5967086DD8}.DLL-Import Release|x64.Build.0 = Release|x64
		{B5043360-B067-4222-9FB0-AA5967086DD8}.MinSizeRel|Itanium.ActiveCfg = Release|x64
		{B5043360-B067-4222-9FB0-AA5967086DD8}.MinSizeRel|Win32.ActiveCfg = Release|x64
		{B5043360-B067-4222-9FB0-AA5967086DD8}.MinSizeRel|x64.ActiveCfg = Release|x64
		{B5043360-B067-4222-9FB0-AA5967086DD8}.MinSizeRel|x64.Build.0 = Release|x64
		{B5043360-B067-4222-9FB0-AA5967086DD8}.Release|Itanium.ActiveCfg = Release|x64
		{B5043360-B067-4222-9FB0-AA5967086DD8}.Release|Win32.ActiveCfg = Release|Win32
		{B5043360-B067-4222-9FB0-AA5967086DD8}.Release|Win32.Build.0 = Release|Win32
		{B5043360-B067-4222-9FB0-AA5967086DD8}.Release|x64.ActiveCfg = Release|x64
		{B5043360-B067-4222-9FB0-AA5967086DD8}.Release|x64.Build.0 = Release|x64
		{B5043360-B067-4222-9FB0-AA5967086DD8}.RelWithDebInfo|Itanium.ActiveCfg = Release|x64
		{B5043360-B067-4222-9FB0-AA5967086DD8}.RelWithDebInfo|Win32.ActiveCfg = Release|x64
		{B5043360-B067-4222-9FB0-AA5967086DD8}.RelWithDebInfo|x64.ActiveCfg = Release|x64
		{B5043360-B067-4222-9FB0-AA5967086DD8}.RelWithDebInfo|x64.Build.0 = Release|x64
		{B5043360-B067-4222-9FB0-AA5967086DD8}.Template|Itanium.ActiveCfg = Release|x64
		{B5043360-B067-4222-9FB0-AA5967086DD8}.Template|Win32.ActiveCfg = Release|x64
		{B5043360-B067-4222-9FB0-AA5967086DD8}.Template|x64.ActiveCfg = Release|x64
		{B5043360-B067-4222-9FB0-AA5967086DD8}.Template|x64.Build.0 = Release|x64
		{ACB12537-DFC2-4F2B-9F6D-4D501259E4C9}.Debug|Itanium.ActiveCfg = Debug|Win32
		{ACB12537-DFC2-4F2B-9F6D-4D501259E4C9}.Debug|Win32.ActiveCfg = Debug|Win32
		{ACB12537-DFC2-4F2B-9F6D-4D501259E4C9}.Debug|Win32.Build.0 = Debug|Win32
		{ACB12537-DFC2-4F2B-9F6D-4D501259E4C9}.Debug|x64.ActiveCfg = Debug|x64
		{ACB12537-DFC2-4F2B-9F6D-4D501259E4C9}.Debug|x64.Build.0 = Debug|x64
		{ACB12537-DFC2-4F2B-9F6D-4D501259E4C9}.DLL-Import Debug|Itanium.ActiveCfg = Debug|Win32
		{ACB12537-DFC2-4F2B-9F6D-4D501259E4C9}.DLL-Import Debug|Itanium.Build.0 = Debug|Win32
		{ACB12537-DFC2-4F2B-9F6D-4D501259E4C9}.DLL-Import Debug|Win32.ActiveCfg = Debug|Win32
		{ACB12537-DFC2-4F2B-9F6D-4D501259E4C9}.DLL-Import Debug|Win32.Build.0 = Debug|Win32
		{ACB12537-DFC2-4F2B-9F6D-4D501259E4C9}.DLL-Import Debug|x64.ActiveCfg = Debug|x64
		{ACB12537-DFC2-4F2B-9F6D-4D501259E4C9}.DLL-Import Debug|x64.Build.0 = Debug|x64
		{ACB12537-DFC2-4F2B-9F6D-4D501259E4C9}.DLL-Import Release|Itanium.ActiveCfg = Debug|Win32
		{ACB12537-DFC2-4F2B-9F6D-4D501259E4C9}.DLL-Import Release|Itanium.Build.0 = Debug|Win32
		{ACB12537-DFC2-4F2B-9F6D-4D501259E4C9}.DLL-Import Release|Win32.ActiveCfg = Release|Win32
		{ACB12537-DFC2-4F2B-9F6D-4D501259E4C9}.DLL-Import Release|Win32.Build.0 = Release|Win32
		{ACB12537-DFC2-4F2B-9F6D-4D501259E4C9}.DLL-Import Release|x64.ActiveCfg = Release|x64
		{ACB12537-DFC2-4F2B-9F6D-4D501259E4C9}.DLL-Import Release|x64.Build.0 = Release|x64
		{ACB12537-DFC2-4F2B-9F6D-4D501259E4C9}.MinSizeRel|Itanium.ActiveCfg = Debug|Win32
		{ACB12537-DFC2-4F2B-9F6D-4D501259E4C9}.MinSizeRel|Itanium.Build.0 = Debug|Win32
		{ACB12537-DFC2-4F2B-9F6D-4D501259E4C9}.MinSizeRel|Win32.ActiveCfg = Debug|Win32
		{ACB12537-DFC2-4F2B-9F6D-4D501259E4C9}.MinSizeRel|Win32.Build.0 = Debug|Win32
		{ACB12537-DFC2-4F2B-9F6D-4D501259E4C9}.MinSizeRel|x64.ActiveCfg = Debug|x64
		{ACB12537-DFC2-4F2B-9F6D-4D501259E4C9}.MinSizeRel|x64.Build.0 = Debug|x64
		{ACB12537-DFC2-4F2B-9F6D-4D501259E4C9}.Release|Itanium.ActiveCfg = Release|Win32
		{ACB12537-DFC2-4F2B-9F6D-4D501259E4C9}.Release|Win32.ActiveCfg = Release|Win32
		{ACB12537-DFC2-4F2B-9F6D-4D501259E4C9}.Release|Win32.Build.0 = Release|Win32
		{ACB12537-DFC2-4F2B-9F6D-4D501259E4C9}.Release|x64.ActiveCfg = Release|x64
		{ACB12537-DFC2-4F2B-9F6D-4D501259E4C9}.Release|x64.Build.0 = Release|x64
		{ACB12537-DFC2-4F2B-9F6D-4D501259E4C9}.RelWithDebInfo|Itanium.ActiveCfg = Debug|Win32
		{ACB12537-DFC2-4F2B-9F6D-4D501259E4C9}.RelWithDebInfo|Itanium.Build.0 = Debug|Win32
		{ACB12537-DFC2-4F2B-9F6D-4D501259E4C9}.RelWithDebInfo|Win32.ActiveCfg = Release|Win32
		{ACB12537-DFC2-4F2B-9F6D-4D501259E4C9}.RelWithDebInfo|Win32.Build.0 = Release|Win32
		{ACB12537-DFC2-4F2B-9F6D-4D501259E4C9}.RelWithDebInfo|x64.ActiveCfg = Release|x64
		{ACB12537-DFC2-4F2B-9F6D-4D501259E4C9}.RelWithDebInfo|x64.Build.0 = Release|x64
		{ACB12537-DFC2-4F2B-9F6D-4D501259E4C9}.Template|Itanium.ActiveCfg = Debug|Win32
		{ACB12537-DFC2-4F2B-9F6D-4D501259E4C9}.Template|Itanium.Build.0 = Debug|Win32
		{ACB12537-DFC2-4F2B-9F6D-4D501259E4C9}.Template|Win32.ActiveCfg = Debug|Win32
		{ACB12537-DFC2-4F2B-9F6D-4D501259E4C9}.Template|Win32.Build.0 = Debug|Win32
		{ACB12537-DFC2-4F2B-9F6D-4D501259E4C9}.Template|x64.ActiveCfg = Debug|x64
		{ACB12537-DFC2-4F2B-9F6D-4D501259E4C9}.Template|x64.Build.0 = Debug|x64
		{1A84CA21-A432-4933-A05B-C1BE37B08384}.Debug|Itanium.ActiveCfg = Debug|Win32
		{1A84CA21-A432-4933-A05B-C1BE37B08384}.Debug|Win32.ActiveCfg = Debug|Win32
		{1A84CA21-A432-4933-A05B-C1BE37B08384}.Debug|Win32.Build.0 = Debug|Win32
		{1A84CA21-A432-4933-A05B-C1BE37B08384}.Debug|x64.ActiveCfg = Debug|x64
		{1A84CA21-A432-4933-A05B-C1BE37B08384}.Debug|x64.Build.0 = Debug|x64
		{1A84CA21-A432-4933-A05B-C1BE37B08384}.DLL-Import Debug|Itanium.ActiveCfg = Debug|Win32
		{1A84CA21-A432-4933-A05B-C1BE37B08384}.DLL-Import Debug|Itanium.Build.0 = Debug|Win32
		{1A84CA21-A432-4933-A05B-C1BE37B08384}.DLL-Import Debug|Win32.ActiveCfg = Debug|Win32
		{1A84CA21-A432-4933-A05B-C1BE37B08384}.DLL-Import Debug|Win32.Build.0 = Debug|Win32
		{1A84CA21-A432-4933-A05B-C1BE37B08384}.DLL-Import Debug|x64.ActiveCfg = Debug|x64
		{1A84CA21-A432-4933-A05B-C1BE37B08384}.DLL-Import Debug|x64.Build.0 = Debug|x64
		{1A84CA21-A432-4933-A05B-C1BE37B08384}.DLL-Import Release|Itanium.ActiveCfg = Debug|Win32
		{1A84CA21-A432-4933-A05B-C1BE37B08384}.DLL-Import Release|Itanium.Build.0 = Debug|Win32
		{1A84CA21-A432-4933-A05B-C1BE37B08384}.DLL-Import Release|Win32.ActiveCfg = Release|Win32
		{1A84CA21-A432-4933-A05B-C1BE37B08384}.DLL-Import Release|Win32.Build.0 = Release|Win32
		{1A84CA21-A432-4933-A05B-C1BE37B08384}.DLL-Import Release|x64.ActiveCfg = Release|x64
		{1A84CA21-A432-4933-A05B-C1BE37B08384}.DLL-Import Release|x64.Build.0 = Release|x64
		{1A84CA21-A432-4933-A05B-C1BE37B08384}.MinSizeRel|Itanium.ActiveCfg = Debug|Win32
		{1A84CA21-A432-4933-A05B-C1BE37B08384}.MinSizeRel|Itanium.Build.0 = Debug|Win32
		{1A84CA21-A432-4933-A05B-C1BE37B08384}.MinSizeRel|Win32.ActiveCfg = Debug|Win32
		{1A84CA21-A432-4933-A05B-C1BE37B08384}.MinSizeRel|Win32.Build.0 = Debug|Win32
		{1A84CA21-A432-4933-A05B-C1BE37B08384}.MinSizeRel|x64.ActiveCfg = Debug|x64
		{1A84CA21-A432-4933-A05B-C1BE37B08384}.MinSizeRel|x64.Build.0 = Debug|x64
		{1A84CA21-A432-4933-A05B-C1BE37B08384}.Release|Itanium.ActiveCfg = Release|Win32
		{1A84CA21-A432-4933-A05B-C1BE37B08384}.Release|Win32.ActiveCfg = Release|Win32
		{1A84CA21-A432-4933-A05B-C1BE37B08384}.Release|Win32.Build.0 = Release|Win32
		{1A84CA21-A432-4933-A05B-C1BE37B08384}.Release|x64.ActiveCfg = Release|x64
		{1A84CA21-A432-4933-A05B-C1BE37B08384}.Release|x64.Build.0 = Release|x64
		{1A84CA21-A432-4933-A05B-C1BE37B08384}.RelWithDebInfo|Itanium.ActiveCfg = Debug|Win32
		{1A84CA21-A432-4933-A05B-C1BE37B08384}.RelWithDebInfo|Itanium.Build.0 = Debug|Win32
		{1A84CA21-A432-4933-A05B-C1BE37B08384}.RelWithDebInfo|Win32.ActiveCfg = Release|Win32
		{1A84CA21-A432-4933-A05B-C1BE37B08384}.RelWithDebInfo|Win32.Build.0 = Release|Win32
		{1A84CA21-A432-4933-A05B-C1BE37B08384}.RelWithDebInfo|x64.ActiveCfg = Release|x64
		{1A84CA21-A432-4933-A05B-C1BE37B08384}.RelWithDebInfo|x64.Build.0 = Release|x64
		{1A84CA21-A432-4933-A05B-C1BE37B08384}.Template|Itanium.ActiveCfg = Debug|Win32
		{1A84CA21-A432-4933-A05B-C1BE37B08384}.Template|Itanium.Build.0 = Debug|Win32
		{1A84CA21-A432-4933-A05B-C1BE37B08384}.Template|Win32.ActiveCfg = Debug|Win32
		{1A84CA21-A432-4933-A05B-C1BE37B08384}.Template|Win32.Build.0 = Debug|Win32
		{1A84CA21-A432-4933-A05B-C1BE37B08384}.Template|x64.ActiveCfg = Debug|x64
		{1A84CA21-A432-4933-A05B-C1BE37B08384}.Template|x64.Build.0 = Debug|x64
		{F4A3D416-F423-4556-9047-6405E052C124}.Debug|Itanium.ActiveCfg = Debug|Win32
		{F4A3D416-F423-4556-9047-6405E052C124}.Debug|Win32.ActiveCfg = Debug|Win32
		{F4A3D416-F423-4556-9047-6405E052C124}.Debug|Win32.Build.0 = Debug|Win32
		{F4A3D416-F423-4556-9047-6405E052C124}.Debug|x64.ActiveCfg = Debug|x64
		{F4A3D416-F423-4556-9047-6405E052C124}.Debug|x64.Build.0 = Debug|x64
		{F4A3D416-F423-4556-9047-6405E052C124}.DLL-Import Debug|Itanium.ActiveCfg = Debug|x64
		{F4A3D416-F423-4556-9047-6405E052C124}.DLL-Import Debug|Itanium.Build.0 = Debug|x64
		{F4A3D416-F423-4556-9047-6405E052C124}.DLL-Import Debug|Win32.ActiveCfg = Debug|Win32
		{F4A3D416-F423-4556-9047-6405E052C124}.DLL-Import Debug|Win32.Build.0 = Debug|Win32
		{F4A3D416-F423-4556-9047-6405E052C124}.DLL-Import Debug|x64.ActiveCfg = Debug|x64
		{F4A3D416-F423-4556-9047-6405E052C124}.DLL-Import Debug|x64.Build.0 = Debug|x64
		{F4A3D416-F423-4556-9047-6405E052C124}.DLL-Import Release|Itanium.ActiveCfg = Debug|x64
		{F4A3D416-F423-4556-9047-6405E052C124}.DLL-Import Release|Itanium.Build.0 = Debug|x64
		{F4A3D416-F423-4556-9047-6405E052C124}.DLL-Import Release|Win32.ActiveCfg = Release|Win32
		{F4A3D416-F423-4556-9047-6405E052C124}.DLL-Import Release|Win32.Build.0 = Release|Win32
		{F4A3D416-F423-4556-9047-6405E052C124}.DLL-Import Release|x64.ActiveCfg = Release|x64
		{F4A3D416-F423-4556-9047-6405E052C124}.DLL-Import Release|x64.Build.0 = Release|x64
		{F4A3D416-F423-4556-9047-6405E052C124}.MinSizeRel|Itanium.ActiveCfg = Debug|x64
		{F4A3D416-F423-4556-9047-6405E052C124}.MinSizeRel|Itanium.Build.0 = Debug|x64
		{F4A3D416-F423-4556-9047-6405E052C124}.MinSizeRel|Win32.ActiveCfg = Debug|Win32
		{F4A3D416-F423-4556-9047-6405E052C124}.MinSizeRel|Win32.Build.0 = Debug|Win32
		{F4A3D416-F423-4556-9047-6405E052C124}.MinSizeRel|x64.ActiveCfg = Debug|x64
		{F4A3D416-F423-4556-9047-6405E052C124}.MinSizeRel|x64.Build.0 = Debug|x64
		{F4A3D416-F423-4556-9047-6405E052C124}.Release|Itanium.ActiveCfg = Release|Win32
		{F4A3D416-F423-4556-9047-6405E052C124}.Release|Win32.ActiveCfg = Release|Win32
		{F4A3D416-F423-4556-9047-6405E052C124}.Release|Win32.Build.0 = Release|Win32
		{F4A3D416-F423-4556-9047-6405E052C124}.Release|x64.ActiveCfg = Release|x64
		{F4A3D416-F423-4556-9047-6405E052C124}.Release|x64.Build.0 = Release|x64
		{F4A3D416-F423-4556-9047-6405E052C124}.RelWithDebInfo|Itanium.ActiveCfg = Debug|x64
		{F4A3D416-F423-4556-9047-6405E052C124}.RelWithDebInfo|Itanium.Build.0 = Debug|x64
		{F4A3D416-F423-4556-9047-6405E052C124}.RelWithDebInfo|Win32.ActiveCfg = Release|Win32
		{F4A3D416-F423-4556-9047-6405E052C124}.RelWithDebInfo|Win32.Build.0 = Release|Win32
		{F4A3D416-F423-4556-9047-6405E052C124}.RelWithDebInfo|x64.ActiveCfg = Release|x64
		{F4A3D416-F423-4556-9047-6405E052C124}.RelWithDebInfo|x64.Build.0 = Release|x64
		{F4A3D416-F423-4556-9047-6405E052C124}.Template|Itanium.ActiveCfg = Debug|x64
		{F4A3D416-F423-4556-9047-6405E052C124}.Template|Itanium.Build.0 = Debug|x64
		{F4A3D416-F423-4556-9047-6405E052C124}.Template|Win32.ActiveCfg = Debug|Win32
		{F4A3D416-F423-4556-9047-6405E052C124}.Template|Win32.Build.0 = Debug|Win32
		{F4A3D416-F423-4556-9047-6405E052C124}.Template|x64.ActiveCfg = Debug|x64
		{F4A3D416-F423-4556-9047-6405E052C124}.Template|x64.Build.0 = Debug|x64
		{D58E7019-D6B8-4146-A3A6-68A0F10CC331}.Debug|Itanium.ActiveCfg = Debug|Win32
		{D58E7019-D6B8-4146-A3A6-68A0F10CC331}.Debug|Win32.ActiveCfg = Debug|Win32
		{D58E7019-D6B8-4146-A3A6-68A0F10CC331}.Debug|Win32.Build.0 = Debug|Win32
		{D58E7019-D6B8-4146-A3A6-68A0F10CC331}.Debug|x64.ActiveCfg = Debug|x64
		{D58E7019-D6B8-4146-A3A6-68A0F10CC331}.Debug|x64.Build.0 = Debug|x64
		{D58E7019-D6B8-4146-A3A6-68A0F10CC331}.DLL-Import Debug|Itanium.ActiveCfg = Debug|Win32
		{D58E7019-D6B8-4146-A3A6-68A0F10CC331}.DLL-Import Debug|Itanium.Build.0 = Debug|Win32
		{D58E7019-D6B8-4146-A3A6-68A0F10CC331}.DLL-Import Debug|Win32.ActiveCfg = Debug|Win32
		{D58E7019-D6B8-4146-A3A6-68A0F10CC331}.DLL-Import Debug|Win32.Build.0 = Debug|Win32
		{D58E7019-D6B8-4146-A3A6-68A0F10CC331}.DLL-Import Debug|x64.ActiveCfg = Debug|x64
		{D58E7019-D6B8-4146-A3A6-68A0F10CC331}.DLL-Import Debug|x64.Build.0 = Debug|x64
		{D58E7019-D6B8-4146-A3A6-68A0F10CC331}.DLL-Import Release|Itanium.ActiveCfg = Debug|Win32
		{D58E7019-D6B8-4146-A3A6-68A0F10CC331}.DLL-Import Release|Itanium.Build.0 = Debug|Win32
		{D58E7019-D6B8-4146-A3A6-68A0F10CC331}.DLL-Import Release|Win32.ActiveCfg = Release|Win32
		{D58E7019-D6B8-4146-A3A6-68A0F10CC331}.DLL-Import Release|Win32.Build.0 = Release|Win32
		{D58E7019-D6B8-4146-A3A6-68A0F10CC331}.DLL-Import Release|x64.ActiveCfg = Release|x64
		{D58E7019-D6B8-4146-A3A6-68A0F10CC331}.DLL-Import Release|x64.Build.0 = Release|x64
		{D58E7019-D6B8-4146-A3A6-68A0F10CC331}.MinSizeRel|Itanium.ActiveCfg = Debug|Win32
		{D58E7019-D6B8-4146-A3A6-68A0F10CC331}.MinSizeRel|Itanium.Build.0 = Debug|Win32
		{D58E7019-D6B8-4146-A3A6-68A0F10CC331}.MinSizeRel|Win32.ActiveCfg = Debug|Win32
		{D58E7019-D6B8-4146-A3A6-68A0F10CC331}.MinSizeRel|Win32.Build.0 = Debug|Win32
		{D58E7019-D6B8-4146-A3A6-68A0F10CC331}.MinSizeRel|x64.ActiveCfg = Debug|x64
		{D58E7019-D6B8-4146-A3A6-68A0F10CC331}.MinSizeRel|x64.Build.0 = Debug|x64
		{D58E7019-D6B8-4146-A3A6-68A0F10CC331}.Release|Itanium.ActiveCfg = Release|Win32
		{D58E7019-D6B8-4146-A3A6-68A0F10CC331}.Release|Win32.ActiveCfg = Release|Win32
		{D58E7019-D6B8-4146-A3A6-68A0F10CC331}.Release|Win32.Build.0 = Release|Win32
		{D58E7019-D6B8-4146-A3A6-68A0F10CC331}.Release|x64.ActiveCfg = Release|x64
		{D58E7019-D6B8-4146-A3A6-68A0F10CC331}.Release|x64.Build.0 = Release|x64
		{D58E7019-D6B8-4146-A3A6-68A0F10CC331}.RelWithDebInfo|Itanium.ActiveCfg = Debug|Win32
		{D58E7019-D6B8-4146-A3A6-68A0F10CC331}.RelWithDebInfo|Itanium.Build.0 = Debug|Win32
		{D58E7019-D6B8-4146-A3A6-68A0F10CC331}.RelWithDebInfo|Win32.ActiveCfg = Release|Win32
		{D58E7019-D6B8-4146-A3A6-68A0F10CC331}.RelWithDebInfo|Win32.Build.0 = Release|Win32
		{D58E7019-D6B8-4146-A3A6-68A0F10CC331}.RelWithDebInfo|x64.ActiveCfg = Release|x64
		{D58E7019-D6B8-4146-A3A6-68A0F10CC331}.RelWithDebInfo|x64.Build.0 = Release|x64
		{D58E7019-D6B8-4146-A3A6-68A0F10CC331}.Template|Itanium.ActiveCfg = Debug|Win32
		{D58E7019-D6B8-4146-A3A6-68A0F10CC331}.Template|Itanium.Build.0 = Debug|Win32
		{D58E7019-D6B8-4146-A3A6-68A0F10CC331}.Template|Win32.ActiveCfg = Debug|Win32
		{D58E7019-D6B8-4146-A3A6-68A0F10CC331}.Template|Win32.Build.0 = Debug|Win32
		{D58E7019-D6B8-4146-A3A6-68A0F10CC331}.Template|x64.ActiveCfg = Debug|x64
		{D58E7019-D6B8-4146-A3A6-68A0F10CC331}.Template|x64.Build.0 = Debug|x64
	EndGlobalSection
	GlobalSection(SolutionProperties) = preSolution
		HideSolutionNode = FALSE
	EndGlobalSection
	GlobalSection(ExtensibilityGlobals) = postSolution
		SolutionGuid = {5FE8D0A9-AD15-46FE-9DBA-BED8EB698F14}
	EndGlobalSection
EndGlobal
